
Microsoft Visual Studio Solution File, Format Version 12.00
# Visual Studio Version 17
VisualStudioVersion = 17.12.35527.113
MinimumVisualStudioVersion = 10.0.40219.1
Project("{FAE04EC0-301F-11D3-BF4B-00C04F79EFBC}") = "M01A02A", "M01A02A\M01A02A.csproj", "{C9761D00-59DC-4C21-8FFF-582E1273DD64}"
EndProject
Project("{FAE04EC0-301F-11D3-BF4B-00C04F79EFBC}") = "M01A02B", "M01A2B\M01A02B.csproj", "{9A6CFA03-8D98-4184-9337-F9C6D6F4ECAA}"
EndProject
Project("{FAE04EC0-301F-11D3-BF4B-00C04F79EFBC}") = "M01A02C", "M01A02C\M01A02C.csproj", "{94F1F2B9-35E3-43E1-8F59-45B09E78DF5A}"
EndProject
Project("{FAE04EC0-301F-11D3-BF4B-00C04F79EFBC}") = "M01A02D", "M01A02D\M01A02D.csproj", "{8486D99D-92BC-4A88-A37D-BA35836935E6}"
EndProject
Project("{FAE04EC0-301F-11D3-BF4B-00C04F79EFBC}") = "M01A02E", "M01M02A\M01A02E.csproj", "{7861A1E4-605B-48A5-8EA4-96F955C4E924}"
EndProject
Project("{FAE04EC0-301F-11D3-BF4B-00C04F79EFBC}") = "M01A03", "M01A03\M01A03.csproj", "{02555F76-A27B-41E5-9579-5830CA9B6425}"
EndProject
Project("{FAE04EC0-301F-11D3-BF4B-00C04F79EFBC}") = "M01A04", "M01A04\M01A04.csproj", "{5548E453-551F-4039-A499-A2586720DF3A}"
EndProject
Project("{FAE04EC0-301F-11D3-BF4B-00C04F79EFBC}") = "M01A05A", "M01A05\M01A05A.csproj", "{57913794-910D-49A8-A840-C69723F00743}"
EndProject
Project("{FAE04EC0-301F-11D3-BF4B-00C04F79EFBC}") = "M01A05B", "M01A05B\M01A05B.csproj", "{AC8623BD-EC0C-450F-A546-8B0AC972E318}"
EndProject
Project("{FAE04EC0-301F-11D3-BF4B-00C04F79EFBC}") = "M01A06", "M01A06\M01A06.csproj", "{B6135173-4665-4870-ACA9-7928CE9B9188}"
EndProject
Project("{FAE04EC0-301F-11D3-BF4B-00C04F79EFBC}") = "M01A07", "M01A07\M01A07.csproj", "{A715509E-1DFD-46AA-A07A-67CB22AFD2D0}"
EndProject
Project("{FAE04EC0-301F-11D3-BF4B-00C04F79EFBC}") = "M01A08A", "M01A08A\M01A08A.csproj", "{AC3FE20D-A57E-49BA-B9B2-ED40B564C6D2}"
EndProject
Project("{FAE04EC0-301F-11D3-BF4B-00C04F79EFBC}") = "M01A08B", "M01A08B\M01A08B.csproj", "{C76F6D3E-38A0-4892-B8A6-FEDEAAF152AD}"
EndProject
Project("{FAE04EC0-301F-11D3-BF4B-00C04F79EFBC}") = "M01A08C", "M01A08C\M01A08C.csproj", "{21850C73-4E73-43FE-9E63-9DF32E482AA6}"
EndProject
Project("{FAE04EC0-301F-11D3-BF4B-00C04F79EFBC}") = "M01A08D", "M01A08D\M01A08D.csproj", "{528FCB0F-D90E-4711-BC8E-4333CBE098DB}"
EndProject
Project("{FAE04EC0-301F-11D3-BF4B-00C04F79EFBC}") = "M01A08E", "M01A08E\M01A08E.csproj", "{05B4BC54-62FB-4465-9A48-A077FD2CBF8B}"
EndProject
Project("{FAE04EC0-301F-11D3-BF4B-00C04F79EFBC}") = "M01A08F", "M01A08F\M01A08F.csproj", "{29891162-8481-4570-B77A-1D30DB258010}"
EndProject
Global
	GlobalSection(SolutionConfigurationPlatforms) = preSolution
		Debug|Any CPU = Debug|Any CPU
		Release|Any CPU = Release|Any CPU
	EndGlobalSection
	GlobalSection(ProjectConfigurationPlatforms) = postSolution
		{C9761D00-59DC-4C21-8FFF-582E1273DD64}.Debug|Any CPU.ActiveCfg = Debug|Any CPU
		{C9761D00-59DC-4C21-8FFF-582E1273DD64}.Debug|Any CPU.Build.0 = Debug|Any CPU
		{C9761D00-59DC-4C21-8FFF-582E1273DD64}.Release|Any CPU.ActiveCfg = Release|Any CPU
		{C9761D00-59DC-4C21-8FFF-582E1273DD64}.Release|Any CPU.Build.0 = Release|Any CPU
		{9A6CFA03-8D98-4184-9337-F9C6D6F4ECAA}.Debug|Any CPU.ActiveCfg = Debug|Any CPU
		{9A6CFA03-8D98-4184-9337-F9C6D6F4ECAA}.Debug|Any CPU.Build.0 = Debug|Any CPU
		{9A6CFA03-8D98-4184-9337-F9C6D6F4ECAA}.Release|Any CPU.ActiveCfg = Release|Any CPU
		{9A6CFA03-8D98-4184-9337-F9C6D6F4ECAA}.Release|Any CPU.Build.0 = Release|Any CPU
		{94F1F2B9-35E3-43E1-8F59-45B09E78DF5A}.Debug|Any CPU.ActiveCfg = Debug|Any CPU
		{94F1F2B9-35E3-43E1-8F59-45B09E78DF5A}.Debug|Any CPU.Build.0 = Debug|Any CPU
		{94F1F2B9-35E3-43E1-8F59-45B09E78DF5A}.Release|Any CPU.ActiveCfg = Release|Any CPU
		{94F1F2B9-35E3-43E1-8F59-45B09E78DF5A}.Release|Any CPU.Build.0 = Release|Any CPU
		{8486D99D-92BC-4A88-A37D-BA35836935E6}.Debug|Any CPU.ActiveCfg = Debug|Any CPU
		{8486D99D-92BC-4A88-A37D-BA35836935E6}.Debug|Any CPU.Build.0 = Debug|Any CPU
		{8486D99D-92BC-4A88-A37D-BA35836935E6}.Release|Any CPU.ActiveCfg = Release|Any CPU
		{8486D99D-92BC-4A88-A37D-BA35836935E6}.Release|Any CPU.Build.0 = Release|Any CPU
		{7861A1E4-605B-48A5-8EA4-96F955C4E924}.Debug|Any CPU.ActiveCfg = Debug|Any CPU
		{7861A1E4-605B-48A5-8EA4-96F955C4E924}.Debug|Any CPU.Build.0 = Debug|Any CPU
		{7861A1E4-605B-48A5-8EA4-96F955C4E924}.Release|Any CPU.ActiveCfg = Release|Any CPU
		{7861A1E4-605B-48A5-8EA4-96F955C4E924}.Release|Any CPU.Build.0 = Release|Any CPU
		{02555F76-A27B-41E5-9579-5830CA9B6425}.Debug|Any CPU.ActiveCfg = Debug|Any CPU
		{02555F76-A27B-41E5-9579-5830CA9B6425}.Debug|Any CPU.Build.0 = Debug|Any CPU
		{02555F76-A27B-41E5-9579-5830CA9B6425}.Release|Any CPU.ActiveCfg = Release|Any CPU
		{02555F76-A27B-41E5-9579-5830CA9B6425}.Release|Any CPU.Build.0 = Release|Any CPU
		{5548E453-551F-4039-A499-A2586720DF3A}.Debug|Any CPU.ActiveCfg = Debug|Any CPU
		{5548E453-551F-4039-A499-A2586720DF3A}.Debug|Any CPU.Build.0 = Debug|Any CPU
		{5548E453-551F-4039-A499-A2586720DF3A}.Release|Any CPU.ActiveCfg = Release|Any CPU
		{5548E453-551F-4039-A499-A2586720DF3A}.Release|Any CPU.Build.0 = Release|Any CPU
		{57913794-910D-49A8-A840-C69723F00743}.Debug|Any CPU.ActiveCfg = Debug|Any CPU
		{57913794-910D-49A8-A840-C69723F00743}.Debug|Any CPU.Build.0 = Debug|Any CPU
		{57913794-910D-49A8-A840-C69723F00743}.Release|Any CPU.ActiveCfg = Release|Any CPU
		{57913794-910D-49A8-A840-C69723F00743}.Release|Any CPU.Build.0 = Release|Any CPU
		{AC8623BD-EC0C-450F-A546-8B0AC972E318}.Debug|Any CPU.ActiveCfg = Debug|Any CPU
		{AC8623BD-EC0C-450F-A546-8B0AC972E318}.Debug|Any CPU.Build.0 = Debug|Any CPU
		{AC8623BD-EC0C-450F-A546-8B0AC972E318}.Release|Any CPU.ActiveCfg = Release|Any CPU
		{AC8623BD-EC0C-450F-A546-8B0AC972E318}.Release|Any CPU.Build.0 = Release|Any CPU
		{B6135173-4665-4870-ACA9-7928CE9B9188}.Debug|Any CPU.ActiveCfg = Debug|Any CPU
		{B6135173-4665-4870-ACA9-7928CE9B9188}.Debug|Any CPU.Build.0 = Debug|Any CPU
		{B6135173-4665-4870-ACA9-7928CE9B9188}.Release|Any CPU.ActiveCfg = Release|Any CPU
		{B6135173-4665-4870-ACA9-7928CE9B9188}.Release|Any CPU.Build.0 = Release|Any CPU
		{A715509E-1DFD-46AA-A07A-67CB22AFD2D0}.Debug|Any CPU.ActiveCfg = Debug|Any CPU
		{A715509E-1DFD-46AA-A07A-67CB22AFD2D0}.Debug|Any CPU.Build.0 = Debug|Any CPU
		{A715509E-1DFD-46AA-A07A-67CB22AFD2D0}.Release|Any CPU.ActiveCfg = Release|Any CPU
		{A715509E-1DFD-46AA-A07A-67CB22AFD2D0}.Release|Any CPU.Build.0 = Release|Any CPU
		{AC3FE20D-A57E-49BA-B9B2-ED40B564C6D2}.Debug|Any CPU.ActiveCfg = Debug|Any CPU
		{AC3FE20D-A57E-49BA-B9B2-ED40B564C6D2}.Debug|Any CPU.Build.0 = Debug|Any CPU
		{AC3FE20D-A57E-49BA-B9B2-ED40B564C6D2}.Release|Any CPU.ActiveCfg = Release|Any CPU
		{AC3FE20D-A57E-49BA-B9B2-ED40B564C6D2}.Release|Any CPU.Build.0 = Release|Any CPU
		{C76F6D3E-38A0-4892-B8A6-FEDEAAF152AD}.Debug|Any CPU.ActiveCfg = Debug|Any CPU
		{C76F6D3E-38A0-4892-B8A6-FEDEAAF152AD}.Debug|Any CPU.Build.0 = Debug|Any CPU
		{C76F6D3E-38A0-4892-B8A6-FEDEAAF152AD}.Release|Any CPU.ActiveCfg = Release|Any CPU
		{C76F6D3E-38A0-4892-B8A6-FEDEAAF152AD}.Release|Any CPU.Build.0 = Release|Any CPU
		{21850C73-4E73-43FE-9E63-9DF32E482AA6}.Debug|Any CPU.ActiveCfg = Debug|Any CPU
		{21850C73-4E73-43FE-9E63-9DF32E482AA6}.Debug|Any CPU.Build.0 = Debug|Any CPU
		{21850C73-4E73-43FE-9E63-9DF32E482AA6}.Release|Any CPU.ActiveCfg = Release|Any CPU
		{21850C73-4E73-43FE-9E63-9DF32E482AA6}.Release|Any CPU.Build.0 = Release|Any CPU
		{528FCB0F-D90E-4711-BC8E-4333CBE098DB}.Debug|Any CPU.ActiveCfg = Debug|Any CPU
		{528FCB0F-D90E-4711-BC8E-4333CBE098DB}.Debug|Any CPU.Build.0 = Debug|Any CPU
		{528FCB0F-D90E-4711-BC8E-4333CBE098DB}.Release|Any CPU.ActiveCfg = Release|Any CPU
		{528FCB0F-D90E-4711-BC8E-4333CBE098DB}.Release|Any CPU.Build.0 = Release|Any CPU
		{05B4BC54-62FB-4465-9A48-A077FD2CBF8B}.Debug|Any CPU.ActiveCfg = Debug|Any CPU
		{05B4BC54-62FB-4465-9A48-A077FD2CBF8B}.Debug|Any CPU.Build.0 = Debug|Any CPU
		{05B4BC54-62FB-4465-9A48-A077FD2CBF8B}.Release|Any CPU.ActiveCfg = Release|Any CPU
		{05B4BC54-62FB-4465-9A48-A077FD2CBF8B}.Release|Any CPU.Build.0 = Release|Any CPU
		{29891162-8481-4570-B77A-1D30DB258010}.Debug|Any CPU.ActiveCfg = Debug|Any CPU
		{29891162-8481-4570-B77A-1D30DB258010}.Debug|Any CPU.Build.0 = Debug|Any CPU
		{29891162-8481-4570-B77A-1D30DB258010}.Release|Any CPU.ActiveCfg = Release|Any CPU
		{29891162-8481-4570-B77A-1D30DB258010}.Release|Any CPU.Build.0 = Release|Any CPU
	EndGlobalSection
	GlobalSection(SolutionProperties) = preSolution
		HideSolutionNode = FALSE
	EndGlobalSection
EndGlobal
