
Microsoft Visual Studio Solution File, Format Version 12.00
# Visual Studio Version 17
VisualStudioVersion = 17.12.35527.113
MinimumVisualStudioVersion = 10.0.40219.1
Project("{FAE04EC0-301F-11D3-BF4B-00C04F79EFBC}") = "M01A02A", "M01A02A\M01A02A.csproj", "{C9761D00-59DC-4C21-8FFF-582E1273DD64}"
EndProject
Project("{FAE04EC0-301F-11D3-BF4B-00C04F79EFBC}") = "M01A02B", "M01A2B\M01A02B.csproj", "{9A6CFA03-8D98-4184-9337-F9C6D6F4ECAA}"
EndProject
Project("{FAE04EC0-301F-11D3-BF4B-00C04F79EFBC}") = "M01A02C", "M01A02C\M01A02C.csproj", "{94F1F2B9-35E3-43E1-8F59-45B09E78DF5A}"
EndProject
Project("{FAE04EC0-301F-11D3-BF4B-00C04F79EFBC}") = "M01A02D", "M01A02D\M01A02D.csproj", "{8486D99D-92BC-4A88-A37D-BA35836935E6}"
EndProject
Project("{FAE04EC0-301F-11D3-BF4B-00C04F79EFBC}") = "M01A02E", "M01M02A\M01A02E.csproj", "{7861A1E4-605B-48A5-8EA4-96F955C4E924}"
EndProject
Project("{FAE04EC0-301F-11D3-BF4B-00C04F79EFBC}") = "M01A03", "M01A03\M01A03.csproj", "{02555F76-A27B-41E5-9579-5830CA9B6425}"
EndProject
Project("{FAE04EC0-301F-11D3-BF4B-00C04F79EFBC}") = "M01A04", "M01A04\M01A04.csproj", "{5548E453-551F-4039-A499-A2586720DF3A}"
EndProject
Project("{FAE04EC0-301F-11D3-BF4B-00C04F79EFBC}") = "M01A05A", "M01A05\M01A05A.csproj", "{57913794-910D-49A8-A840-C69723F00743}"
EndProject
Project("{FAE04EC0-301F-11D3-BF4B-00C04F79EFBC}") = "M01A05B", "M01A05B\M01A05B.csproj", "{AC8623BD-EC0C-450F-A546-8B0AC972E318}"
EndProject
Global
	GlobalSection(SolutionConfigurationPlatforms) = preSolution
		Debug|Any CPU = Debug|Any CPU
		Release|Any CPU = Release|Any CPU
	EndGlobalSection
	GlobalSection(ProjectConfigurationPlatforms) = postSolution
		{C9761D00-59DC-4C21-8FFF-582E1273DD64}.Debug|Any CPU.ActiveCfg = Debug|Any CPU
		{C9761D00-59DC-4C21-8FFF-582E1273DD64}.Debug|Any CPU.Build.0 = Debug|Any CPU
		{C9761D00-59DC-4C21-8FFF-582E1273DD64}.Release|Any CPU.ActiveCfg = Release|Any CPU
		{C9761D00-59DC-4C21-8FFF-582E1273DD64}.Release|Any CPU.Build.0 = Release|Any CPU
		{9A6CFA03-8D98-4184-9337-F9C6D6F4ECAA}.Debug|Any CPU.ActiveCfg = Debug|Any CPU
		{9A6CFA03-8D98-4184-9337-F9C6D6F4ECAA}.Debug|Any CPU.Build.0 = Debug|Any CPU
		{9A6CFA03-8D98-4184-9337-F9C6D6F4ECAA}.Release|Any CPU.ActiveCfg = Release|Any CPU
		{9A6CFA03-8D98-4184-9337-F9C6D6F4ECAA}.Release|Any CPU.Build.0 = Release|Any CPU
		{94F1F2B9-35E3-43E1-8F59-45B09E78DF5A}.Debug|Any CPU.ActiveCfg = Debug|Any CPU
		{94F1F2B9-35E3-43E1-8F59-45B09E78DF5A}.Debug|Any CPU.Build.0 = Debug|Any CPU
		{94F1F2B9-35E3-43E1-8F59-45B09E78DF5A}.Release|Any CPU.ActiveCfg = Release|Any CPU
		{94F1F2B9-35E3-43E1-8F59-45B09E78DF5A}.Release|Any CPU.Build.0 = Release|Any CPU
		{8486D99D-92BC-4A88-A37D-BA35836935E6}.Debug|Any CPU.ActiveCfg = Debug|Any CPU
		{8486D99D-92BC-4A88-A37D-BA35836935E6}.Debug|Any CPU.Build.0 = Debug|Any CPU
		{8486D99D-92BC-4A88-A37D-BA35836935E6}.Release|Any CPU.ActiveCfg = Release|Any CPU
		{8486D99D-92BC-4A88-A37D-BA35836935E6}.Release|Any CPU.Build.0 = Release|Any CPU
		{7861A1E4-605B-48A5-8EA4-96F955C4E924}.Debug|Any CPU.ActiveCfg = Debug|Any CPU
		{7861A1E4-605B-48A5-8EA4-96F955C4E924}.Debug|Any CPU.Build.0 = Debug|Any CPU
		{7861A1E4-605B-48A5-8EA4-96F955C4E924}.Release|Any CPU.ActiveCfg = Release|Any CPU
		{7861A1E4-605B-48A5-8EA4-96F955C4E924}.Release|Any CPU.Build.0 = Release|Any CPU
		{02555F76-A27B-41E5-9579-5830CA9B6425}.Debug|Any CPU.ActiveCfg = Debug|Any CPU
		{02555F76-A27B-41E5-9579-5830CA9B6425}.Debug|Any CPU.Build.0 = Debug|Any CPU
		{02555F76-A27B-41E5-9579-5830CA9B6425}.Release|Any CPU.ActiveCfg = Release|Any CPU
		{02555F76-A27B-41E5-9579-5830CA9B6425}.Release|Any CPU.Build.0 = Release|Any CPU
		{5548E453-551F-4039-A499-A2586720DF3A}.Debug|Any CPU.ActiveCfg = Debug|Any CPU
		{5548E453-551F-4039-A499-A2586720DF3A}.Debug|Any CPU.Build.0 = Debug|Any CPU
		{5548E453-551F-4039-A499-A2586720DF3A}.Release|Any CPU.ActiveCfg = Release|Any CPU
		{5548E453-551F-4039-A499-A2586720DF3A}.Release|Any CPU.Build.0 = Release|Any CPU
		{57913794-910D-49A8-A840-C69723F00743}.Debug|Any CPU.ActiveCfg = Debug|Any CPU
		{57913794-910D-49A8-A840-C69723F00743}.Debug|Any CPU.Build.0 = Debug|Any CPU
		{57913794-910D-49A8-A840-C69723F00743}.Release|Any CPU.ActiveCfg = Release|Any CPU
		{57913794-910D-49A8-A840-C69723F00743}.Release|Any CPU.Build.0 = Release|Any CPU
		{AC8623BD-EC0C-450F-A546-8B0AC972E318}.Debug|Any CPU.ActiveCfg = Debug|Any CPU
		{AC8623BD-EC0C-450F-A546-8B0AC972E318}.Debug|Any CPU.Build.0 = Debug|Any CPU
		{AC8623BD-EC0C-450F-A546-8B0AC972E318}.Release|Any CPU.ActiveCfg = Release|Any CPU
		{AC8623BD-EC0C-450F-A546-8B0AC972E318}.Release|Any CPU.Build.0 = Release|Any CPU
	EndGlobalSection
	GlobalSection(SolutionProperties) = preSolution
		HideSolutionNode = FALSE
	EndGlobalSection
EndGlobal
