
Microsoft Visual Studio Solution File, Format Version 12.00
# Visual Studio Version 17
VisualStudioVersion = 17.12.35527.113
MinimumVisualStudioVersion = 10.0.40219.1
Project("{FAE04EC0-301F-11D3-BF4B-00C04F79EFBC}") = "M02Ex001", "m02ex001\M02Ex001.csproj", "{CD897615-2CFE-474A-918C-FAAA72E46A4E}"
EndProject
Project("{FAE04EC0-301F-11D3-BF4B-00C04F79EFBC}") = "M02Ex002", "M02Ex002\M02Ex002.csproj", "{D5B2C9DC-34CB-4155-A98C-0F75C09D3B98}"
EndProject
Project("{FAE04EC0-301F-11D3-BF4B-00C04F79EFBC}") = "M02Ex003", "M02Ex003\M02Ex003.csproj", "{B90BBD21-250A-4FBD-BE39-182832E6E148}"
EndProject
Project("{FAE04EC0-301F-11D3-BF4B-00C04F79EFBC}") = "M02Ex004", "M02Ex004\M02Ex004.csproj", "{8A6B0FFB-418C-40E8-858F-C012E49CE1BD}"
EndProject
Project("{FAE04EC0-301F-11D3-BF4B-00C04F79EFBC}") = "M02Ex005", "M02Ex005\M02Ex005.csproj", "{C4EFD40E-73BE-41D8-AE33-B29E82BDB2C0}"
EndProject
Project("{FAE04EC0-301F-11D3-BF4B-00C04F79EFBC}") = "M02Ex006", "M02Ex006\M02Ex006.csproj", "{42AE7E1D-D6BF-489A-A87D-3583D5E8943A}"
EndProject
Project("{FAE04EC0-301F-11D3-BF4B-00C04F79EFBC}") = "M02Ex006B", "M02Ex006B\M02Ex006B.csproj", "{32F154C3-1296-4DDA-969B-27816A0D9AAC}"
EndProject
Project("{FAE04EC0-301F-11D3-BF4B-00C04F79EFBC}") = "M02Ex007", "M02Ex007\M02Ex007.csproj", "{C15B4D80-7B40-4852-A25D-ADD8971961EE}"
EndProject
Project("{FAE04EC0-301F-11D3-BF4B-00C04F79EFBC}") = "M02Ex008", "M02Ex008\M02Ex008.csproj", "{7C1CEFC3-B9B7-43D4-A8CD-A84961624ED3}"
EndProject
Project("{FAE04EC0-301F-11D3-BF4B-00C04F79EFBC}") = "M02Ex009", "M02Ex009\M02Ex009.csproj", "{F4B57D7D-DC0F-4350-82A6-74327C625294}"
EndProject
Project("{FAE04EC0-301F-11D3-BF4B-00C04F79EFBC}") = "M02Ex010", "M02Ex010\M02Ex010.csproj", "{67DCA8EA-481F-4906-9E38-3A9F3D55C9A9}"
EndProject
Project("{FAE04EC0-301F-11D3-BF4B-00C04F79EFBC}") = "M02Ex011", "M02Ex011\M02Ex011.csproj", "{C92386F0-EFCC-4CA1-9A12-61EB65F1B8BE}"
EndProject
Project("{FAE04EC0-301F-11D3-BF4B-00C04F79EFBC}") = "M02Ex012", "M02Ex012\M02Ex012.csproj", "{5725E49B-3AB6-40A4-8F85-6898498F9BC6}"
EndProject
Project("{FAE04EC0-301F-11D3-BF4B-00C04F79EFBC}") = "M02A013", "M02A013\M02A013.csproj", "{9E4D012E-D7F0-499F-990B-7ED30CBFBD17}"
EndProject
Project("{FAE04EC0-301F-11D3-BF4B-00C04F79EFBC}") = "M02Ex014", "M02Ex014\M02Ex014.csproj", "{9E0C1BC7-CB6E-4E90-941B-6B2A5E68B8E2}"
EndProject
Project("{FAE04EC0-301F-11D3-BF4B-00C04F79EFBC}") = "M02Ex015", "M02Ex015\M02Ex015.csproj", "{519A8659-F4D5-4CD0-B027-CF322B1E61DC}"
EndProject
Project("{FAE04EC0-301F-11D3-BF4B-00C04F79EFBC}") = "M02Ex022", "M02Ex022\M02Ex022.csproj", "{2BC9BD25-C896-4D4F-B62C-AEA83411ED07}"
EndProject
Project("{FAE04EC0-301F-11D3-BF4B-00C04F79EFBC}") = "M02Ex017", "M02Ex017\M02Ex017.csproj", "{B82B8888-92CA-4FD4-BB55-36A8FE7A50EA}"
EndProject
Project("{FAE04EC0-301F-11D3-BF4B-00C04F79EFBC}") = "M02Ex018", "M02Ex018\M02Ex018.csproj", "{86911052-AD6B-4CDB-80CA-EDACB1CB99DF}"
EndProject
Project("{FAE04EC0-301F-11D3-BF4B-00C04F79EFBC}") = "M02Ex019", "M02Ex019\M02Ex019.csproj", "{0B3FA10C-EE91-433C-A39A-877B7F35CC96}"
EndProject
Project("{FAE04EC0-301F-11D3-BF4B-00C04F79EFBC}") = "M02Ex020", "M02Ex020\M02Ex020.csproj", "{3B591DF8-504C-41F3-A519-C942D6C23375}"
EndProject
Project("{FAE04EC0-301F-11D3-BF4B-00C04F79EFBC}") = "M02Ex021", "M02Ex021\M02Ex021.csproj", "{5C3F8138-BD1C-4DC6-996C-B11E5F729BC6}"
EndProject
Project("{FAE04EC0-301F-11D3-BF4B-00C04F79EFBC}") = "M02Ex023", "M02Ex023\M02Ex023.csproj", "{887BEB1F-FE06-4EAE-93B7-9992FFCCA8C7}"
EndProject
Global
	GlobalSection(SolutionConfigurationPlatforms) = preSolution
		Debug|Any CPU = Debug|Any CPU
		Release|Any CPU = Release|Any CPU
	EndGlobalSection
	GlobalSection(ProjectConfigurationPlatforms) = postSolution
		{CD897615-2CFE-474A-918C-FAAA72E46A4E}.Debug|Any CPU.ActiveCfg = Debug|Any CPU
		{CD897615-2CFE-474A-918C-FAAA72E46A4E}.Debug|Any CPU.Build.0 = Debug|Any CPU
		{CD897615-2CFE-474A-918C-FAAA72E46A4E}.Release|Any CPU.ActiveCfg = Release|Any CPU
		{CD897615-2CFE-474A-918C-FAAA72E46A4E}.Release|Any CPU.Build.0 = Release|Any CPU
		{D5B2C9DC-34CB-4155-A98C-0F75C09D3B98}.Debug|Any CPU.ActiveCfg = Debug|Any CPU
		{D5B2C9DC-34CB-4155-A98C-0F75C09D3B98}.Debug|Any CPU.Build.0 = Debug|Any CPU
		{D5B2C9DC-34CB-4155-A98C-0F75C09D3B98}.Release|Any CPU.ActiveCfg = Release|Any CPU
		{D5B2C9DC-34CB-4155-A98C-0F75C09D3B98}.Release|Any CPU.Build.0 = Release|Any CPU
		{B90BBD21-250A-4FBD-BE39-182832E6E148}.Debug|Any CPU.ActiveCfg = Debug|Any CPU
		{B90BBD21-250A-4FBD-BE39-182832E6E148}.Debug|Any CPU.Build.0 = Debug|Any CPU
		{B90BBD21-250A-4FBD-BE39-182832E6E148}.Release|Any CPU.ActiveCfg = Release|Any CPU
		{B90BBD21-250A-4FBD-BE39-182832E6E148}.Release|Any CPU.Build.0 = Release|Any CPU
		{8A6B0FFB-418C-40E8-858F-C012E49CE1BD}.Debug|Any CPU.ActiveCfg = Debug|Any CPU
		{8A6B0FFB-418C-40E8-858F-C012E49CE1BD}.Debug|Any CPU.Build.0 = Debug|Any CPU
		{8A6B0FFB-418C-40E8-858F-C012E49CE1BD}.Release|Any CPU.ActiveCfg = Release|Any CPU
		{8A6B0FFB-418C-40E8-858F-C012E49CE1BD}.Release|Any CPU.Build.0 = Release|Any CPU
		{C4EFD40E-73BE-41D8-AE33-B29E82BDB2C0}.Debug|Any CPU.ActiveCfg = Debug|Any CPU
		{C4EFD40E-73BE-41D8-AE33-B29E82BDB2C0}.Debug|Any CPU.Build.0 = Debug|Any CPU
		{C4EFD40E-73BE-41D8-AE33-B29E82BDB2C0}.Release|Any CPU.ActiveCfg = Release|Any CPU
		{C4EFD40E-73BE-41D8-AE33-B29E82BDB2C0}.Release|Any CPU.Build.0 = Release|Any CPU
		{42AE7E1D-D6BF-489A-A87D-3583D5E8943A}.Debug|Any CPU.ActiveCfg = Debug|Any CPU
		{42AE7E1D-D6BF-489A-A87D-3583D5E8943A}.Debug|Any CPU.Build.0 = Debug|Any CPU
		{42AE7E1D-D6BF-489A-A87D-3583D5E8943A}.Release|Any CPU.ActiveCfg = Release|Any CPU
		{42AE7E1D-D6BF-489A-A87D-3583D5E8943A}.Release|Any CPU.Build.0 = Release|Any CPU
		{32F154C3-1296-4DDA-969B-27816A0D9AAC}.Debug|Any CPU.ActiveCfg = Debug|Any CPU
		{32F154C3-1296-4DDA-969B-27816A0D9AAC}.Debug|Any CPU.Build.0 = Debug|Any CPU
		{32F154C3-1296-4DDA-969B-27816A0D9AAC}.Release|Any CPU.ActiveCfg = Release|Any CPU
		{32F154C3-1296-4DDA-969B-27816A0D9AAC}.Release|Any CPU.Build.0 = Release|Any CPU
		{C15B4D80-7B40-4852-A25D-ADD8971961EE}.Debug|Any CPU.ActiveCfg = Debug|Any CPU
		{C15B4D80-7B40-4852-A25D-ADD8971961EE}.Debug|Any CPU.Build.0 = Debug|Any CPU
		{C15B4D80-7B40-4852-A25D-ADD8971961EE}.Release|Any CPU.ActiveCfg = Release|Any CPU
		{C15B4D80-7B40-4852-A25D-ADD8971961EE}.Release|Any CPU.Build.0 = Release|Any CPU
		{7C1CEFC3-B9B7-43D4-A8CD-A84961624ED3}.Debug|Any CPU.ActiveCfg = Debug|Any CPU
		{7C1CEFC3-B9B7-43D4-A8CD-A84961624ED3}.Debug|Any CPU.Build.0 = Debug|Any CPU
		{7C1CEFC3-B9B7-43D4-A8CD-A84961624ED3}.Release|Any CPU.ActiveCfg = Release|Any CPU
		{7C1CEFC3-B9B7-43D4-A8CD-A84961624ED3}.Release|Any CPU.Build.0 = Release|Any CPU
		{F4B57D7D-DC0F-4350-82A6-74327C625294}.Debug|Any CPU.ActiveCfg = Debug|Any CPU
		{F4B57D7D-DC0F-4350-82A6-74327C625294}.Debug|Any CPU.Build.0 = Debug|Any CPU
		{F4B57D7D-DC0F-4350-82A6-74327C625294}.Release|Any CPU.ActiveCfg = Release|Any CPU
		{F4B57D7D-DC0F-4350-82A6-74327C625294}.Release|Any CPU.Build.0 = Release|Any CPU
		{67DCA8EA-481F-4906-9E38-3A9F3D55C9A9}.Debug|Any CPU.ActiveCfg = Debug|Any CPU
		{67DCA8EA-481F-4906-9E38-3A9F3D55C9A9}.Debug|Any CPU.Build.0 = Debug|Any CPU
		{67DCA8EA-481F-4906-9E38-3A9F3D55C9A9}.Release|Any CPU.ActiveCfg = Release|Any CPU
		{67DCA8EA-481F-4906-9E38-3A9F3D55C9A9}.Release|Any CPU.Build.0 = Release|Any CPU
		{C92386F0-EFCC-4CA1-9A12-61EB65F1B8BE}.Debug|Any CPU.ActiveCfg = Debug|Any CPU
		{C92386F0-EFCC-4CA1-9A12-61EB65F1B8BE}.Debug|Any CPU.Build.0 = Debug|Any CPU
		{C92386F0-EFCC-4CA1-9A12-61EB65F1B8BE}.Release|Any CPU.ActiveCfg = Release|Any CPU
		{C92386F0-EFCC-4CA1-9A12-61EB65F1B8BE}.Release|Any CPU.Build.0 = Release|Any CPU
		{5725E49B-3AB6-40A4-8F85-6898498F9BC6}.Debug|Any CPU.ActiveCfg = Debug|Any CPU
		{5725E49B-3AB6-40A4-8F85-6898498F9BC6}.Debug|Any CPU.Build.0 = Debug|Any CPU
		{5725E49B-3AB6-40A4-8F85-6898498F9BC6}.Release|Any CPU.ActiveCfg = Release|Any CPU
		{5725E49B-3AB6-40A4-8F85-6898498F9BC6}.Release|Any CPU.Build.0 = Release|Any CPU
		{9E4D012E-D7F0-499F-990B-7ED30CBFBD17}.Debug|Any CPU.ActiveCfg = Debug|Any CPU
		{9E4D012E-D7F0-499F-990B-7ED30CBFBD17}.Debug|Any CPU.Build.0 = Debug|Any CPU
		{9E4D012E-D7F0-499F-990B-7ED30CBFBD17}.Release|Any CPU.ActiveCfg = Release|Any CPU
		{9E4D012E-D7F0-499F-990B-7ED30CBFBD17}.Release|Any CPU.Build.0 = Release|Any CPU
		{9E0C1BC7-CB6E-4E90-941B-6B2A5E68B8E2}.Debug|Any CPU.ActiveCfg = Debug|Any CPU
		{9E0C1BC7-CB6E-4E90-941B-6B2A5E68B8E2}.Debug|Any CPU.Build.0 = Debug|Any CPU
		{9E0C1BC7-CB6E-4E90-941B-6B2A5E68B8E2}.Release|Any CPU.ActiveCfg = Release|Any CPU
		{9E0C1BC7-CB6E-4E90-941B-6B2A5E68B8E2}.Release|Any CPU.Build.0 = Release|Any CPU
		{519A8659-F4D5-4CD0-B027-CF322B1E61DC}.Debug|Any CPU.ActiveCfg = Debug|Any CPU
		{519A8659-F4D5-4CD0-B027-CF322B1E61DC}.Debug|Any CPU.Build.0 = Debug|Any CPU
		{519A8659-F4D5-4CD0-B027-CF322B1E61DC}.Release|Any CPU.ActiveCfg = Release|Any CPU
		{519A8659-F4D5-4CD0-B027-CF322B1E61DC}.Release|Any CPU.Build.0 = Release|Any CPU
		{2BC9BD25-C896-4D4F-B62C-AEA83411ED07}.Debug|Any CPU.ActiveCfg = Debug|Any CPU
		{2BC9BD25-C896-4D4F-B62C-AEA83411ED07}.Debug|Any CPU.Build.0 = Debug|Any CPU
		{2BC9BD25-C896-4D4F-B62C-AEA83411ED07}.Release|Any CPU.ActiveCfg = Release|Any CPU
		{2BC9BD25-C896-4D4F-B62C-AEA83411ED07}.Release|Any CPU.Build.0 = Release|Any CPU
		{B82B8888-92CA-4FD4-BB55-36A8FE7A50EA}.Debug|Any CPU.ActiveCfg = Debug|Any CPU
		{B82B8888-92CA-4FD4-BB55-36A8FE7A50EA}.Debug|Any CPU.Build.0 = Debug|Any CPU
		{B82B8888-92CA-4FD4-BB55-36A8FE7A50EA}.Release|Any CPU.ActiveCfg = Release|Any CPU
		{B82B8888-92CA-4FD4-BB55-36A8FE7A50EA}.Release|Any CPU.Build.0 = Release|Any CPU
		{86911052-AD6B-4CDB-80CA-EDACB1CB99DF}.Debug|Any CPU.ActiveCfg = Debug|Any CPU
		{86911052-AD6B-4CDB-80CA-EDACB1CB99DF}.Debug|Any CPU.Build.0 = Debug|Any CPU
		{86911052-AD6B-4CDB-80CA-EDACB1CB99DF}.Release|Any CPU.ActiveCfg = Release|Any CPU
		{86911052-AD6B-4CDB-80CA-EDACB1CB99DF}.Release|Any CPU.Build.0 = Release|Any CPU
		{0B3FA10C-EE91-433C-A39A-877B7F35CC96}.Debug|Any CPU.ActiveCfg = Debug|Any CPU
		{0B3FA10C-EE91-433C-A39A-877B7F35CC96}.Debug|Any CPU.Build.0 = Debug|Any CPU
		{0B3FA10C-EE91-433C-A39A-877B7F35CC96}.Release|Any CPU.ActiveCfg = Release|Any CPU
		{0B3FA10C-EE91-433C-A39A-877B7F35CC96}.Release|Any CPU.Build.0 = Release|Any CPU
		{3B591DF8-504C-41F3-A519-C942D6C23375}.Debug|Any CPU.ActiveCfg = Debug|Any CPU
		{3B591DF8-504C-41F3-A519-C942D6C23375}.Debug|Any CPU.Build.0 = Debug|Any CPU
		{3B591DF8-504C-41F3-A519-C942D6C23375}.Release|Any CPU.ActiveCfg = Release|Any CPU
		{3B591DF8-504C-41F3-A519-C942D6C23375}.Release|Any CPU.Build.0 = Release|Any CPU
		{5C3F8138-BD1C-4DC6-996C-B11E5F729BC6}.Debug|Any CPU.ActiveCfg = Debug|Any CPU
		{5C3F8138-BD1C-4DC6-996C-B11E5F729BC6}.Debug|Any CPU.Build.0 = Debug|Any CPU
		{5C3F8138-BD1C-4DC6-996C-B11E5F729BC6}.Release|Any CPU.ActiveCfg = Release|Any CPU
		{5C3F8138-BD1C-4DC6-996C-B11E5F729BC6}.Release|Any CPU.Build.0 = Release|Any CPU
		{887BEB1F-FE06-4EAE-93B7-9992FFCCA8C7}.Debug|Any CPU.ActiveCfg = Debug|Any CPU
		{887BEB1F-FE06-4EAE-93B7-9992FFCCA8C7}.Debug|Any CPU.Build.0 = Debug|Any CPU
		{887BEB1F-FE06-4EAE-93B7-9992FFCCA8C7}.Release|Any CPU.ActiveCfg = Release|Any CPU
		{887BEB1F-FE06-4EAE-93B7-9992FFCCA8C7}.Release|Any CPU.Build.0 = Release|Any CPU
	EndGlobalSection
	GlobalSection(SolutionProperties) = preSolution
		HideSolutionNode = FALSE
	EndGlobalSection
EndGlobal
